<?xml version="1.0" encoding="utf-8"?>
<Project ToolsVersion="4.0" xmlns:atg="http://atg.xbox.com" xmlns="http://schemas.microsoft.com/developer/msbuild/2003">
  <ItemGroup>
    <Filter Include="Resource Files">
      <UniqueIdentifier>{8e114980-c1a3-4ada-ad7c-83caadf5daeb}</UniqueIdentifier>
      <Extensions>rc;ico;cur;bmp;dlg;rc2;rct;bin;rgs;gif;jpg;jpeg;jpe</Extensions>
    </Filter>
    <Filter Include="Shaders">
      <UniqueIdentifier>{2c3d4c8c-5d1a-459a-a05a-a4e4b608a44e}</UniqueIdentifier>
      <Extensions>fx;fxh;hlsl</Extensions>
    </Filter>
    <Filter Include="FW">
      <UniqueIdentifier>{fc7add7b-24d7-464a-8117-d7e4735900b5}</UniqueIdentifier>
    </Filter>
    <Filter Include="TestProject">
      <UniqueIdentifier>{d09fa690-f6c3-4a11-ae70-831e58052715}</UniqueIdentifier>
    </Filter>
    <Filter Include="FW\primitives">
      <UniqueIdentifier>{c8456446-ed33-46b1-b988-3bd9e06be33e}</UniqueIdentifier>
    </Filter>
    <Filter Include="FW\camera">
      <UniqueIdentifier>{1a26cf1d-4111-4c75-9570-d48afaebab76}</UniqueIdentifier>
    </Filter>
    <Filter Include="FW\VertexFormat">
      <UniqueIdentifier>{bba46abe-c3e6-4668-bbb5-33e345ba64d7}</UniqueIdentifier>
    </Filter>
    <Filter Include="FW\lighting">
      <UniqueIdentifier>{c6e2f8ed-69be-4f86-86d5-e1dc865c9a7e}</UniqueIdentifier>
    </Filter>
    <Filter Include="FW\PostEffect">
      <UniqueIdentifier>{ed35f644-168a-40e6-8318-6a15782ddd4e}</UniqueIdentifier>
    </Filter>
    <Filter Include="TestProject\PostEffects">
      <UniqueIdentifier>{a31f8768-b776-42cd-bd6d-5ee512699a49}</UniqueIdentifier>
    </Filter>
    <Filter Include="TestProject\PostEffects\HBAO">
      <UniqueIdentifier>{be1afca2-d431-47f1-9452-7753abc92616}</UniqueIdentifier>
    </Filter>
  </ItemGroup>
  <ItemGroup>
    <ClCompile Include="dxapp.cpp">
      <Filter>FW</Filter>
    </ClCompile>
    <ClCompile Include="TestProject.cpp">
      <Filter>TestProject</Filter>
    </ClCompile>
    <ClCompile Include="main.cpp" />
    <ClCompile Include="FPCube.cpp">
      <Filter>FW\primitives</Filter>
    </ClCompile>
    <ClCompile Include="FPPlane.cpp">
      <Filter>FW\primitives</Filter>
    </ClCompile>
    <ClCompile Include="camera.cpp">
      <Filter>FW\camera</Filter>
    </ClCompile>
    <ClCompile Include="FPrimitive.cpp">
      <Filter>FW\primitives</Filter>
    </ClCompile>
    <ClCompile Include="FUtil.cpp">
      <Filter>FW</Filter>
    </ClCompile>
    <ClCompile Include="VertexFormats.cpp">
      <Filter>FW\VertexFormat</Filter>
    </ClCompile>
    <ClCompile Include="FLightSource.cpp">
      <Filter>FW\lighting</Filter>
    </ClCompile>
    <ClCompile Include="MathHelper.cpp">
      <Filter>FW</Filter>
    </ClCompile>
    <ClCompile Include="FPGrid.cpp">
      <Filter>FW\primitives</Filter>
    </ClCompile>
    <ClCompile Include="FPGridCube.cpp">
      <Filter>FW\primitives</Filter>
    </ClCompile>
    <ClCompile Include="RenderTarget.cpp">
      <Filter>FW\PostEffect</Filter>
    </ClCompile>
    <ClCompile Include="PostEffect.cpp">
      <Filter>FW\PostEffect</Filter>
    </ClCompile>
    <ClCompile Include="PassthruPostEffect.cpp">
      <Filter>FW\PostEffect</Filter>
    </ClCompile>
    <ClCompile Include="HBAOPostEffect.cpp">
      <Filter>TestProject\PostEffects\HBAO</Filter>
    </ClCompile>
  </ItemGroup>
  <ItemGroup>
    <CLInclude Include="resource.h">
      <Filter>Resource Files</Filter>
    </CLInclude>
    <ResourceCompile Include="Tutorial07.rc">
      <Filter>Resource Files</Filter>
    </ResourceCompile>
    <ClInclude Include="dxapp.h">
      <Filter>FW</Filter>
    </ClInclude>
    <ClInclude Include="TestProject.h">
      <Filter>TestProject</Filter>
    </ClInclude>
    <ClInclude Include="FPCube.h">
      <Filter>FW\primitives</Filter>
    </ClInclude>
    <ClInclude Include="FPrimitive.h">
      <Filter>FW\primitives</Filter>
    </ClInclude>
    <ClInclude Include="FPPlane.h">
      <Filter>FW\primitives</Filter>
    </ClInclude>
    <ClInclude Include="camera.h">
      <Filter>FW\camera</Filter>
    </ClInclude>
    <ClInclude Include="FUtil.h">
      <Filter>FW</Filter>
    </ClInclude>
    <ClInclude Include="VertexFormats.h">
      <Filter>FW\VertexFormat</Filter>
    </ClInclude>
    <ClInclude Include="FLightSource.h">
      <Filter>FW\lighting</Filter>
    </ClInclude>
    <ClInclude Include="MathHelper.h">
      <Filter>FW</Filter>
    </ClInclude>
    <ClInclude Include="FPGrid.h">
      <Filter>FW\primitives</Filter>
    </ClInclude>
    <ClInclude Include="FPGridCube.h">
      <Filter>FW\primitives</Filter>
    </ClInclude>
    <ClInclude Include="PostEffect.h">
      <Filter>FW\PostEffect</Filter>
    </ClInclude>
    <ClInclude Include="RenderTarget.h">
      <Filter>FW\PostEffect</Filter>
    </ClInclude>
    <ClInclude Include="PassthruPostEffect.h">
      <Filter>FW\PostEffect</Filter>
    </ClInclude>
    <ClInclude Include="HBAOPostEffect.h">
      <Filter>TestProject\PostEffects\HBAO</Filter>
    </ClInclude>
  </ItemGroup>
  <ItemGroup>
    <None Include="TestProjectShader.fx">
      <Filter>Shaders</Filter>
    </None>
    <None Include="Deferred.fx">
      <Filter>Shaders</Filter>
    </None>
    <None Include="FettEssential.fx">
      <Filter>Shaders</Filter>
    </None>
    <None Include="HBAO.fx">
      <Filter>TestProject\PostEffects\HBAO</Filter>
    </None>
    <None Include="BlurY_CS.hlsl">
      <Filter>TestProject\PostEffects\HBAO</Filter>
    </None>
    <None Include="BlurX_CS.hlsl">
      <Filter>TestProject\PostEffects\HBAO</Filter>
    </None>
  </ItemGroup>
  <ItemGroup>
    <Text Include="VertexFormatsInitializer.fx">
      <Filter>FW\VertexFormat</Filter>
    </Text>
  </ItemGroup>
</Project>